
Microsoft Visual Studio Solution File, Format Version 12.00
# Visual Studio Version 16
VisualStudioVersion = 16.0.31702.278
MinimumVisualStudioVersion = 10.0.40219.1
Project("{FAE04EC0-301F-11D3-BF4B-00C04F79EFBC}") = "Chuongtrinhquanlybanlycoc", "Chuongtrinhquanlybanlycoc\Chuongtrinhquanlybanlycoc.csproj", "{4D4CBE42-CB93-4FEE-A91A-3E5DACAC65B7}"
EndProject
Global
	GlobalSection(SolutionConfigurationPlatforms) = preSolution
		Debug|Any CPU = Debug|Any CPU
		Release|Any CPU = Release|Any CPU
	EndGlobalSection
	GlobalSection(ProjectConfigurationPlatforms) = postSolution
		{4D4CBE42-CB93-4FEE-A91A-3E5DACAC65B7}.Debug|Any CPU.ActiveCfg = Debug|Any CPU
		{4D4CBE42-CB93-4FEE-A91A-3E5DACAC65B7}.Debug|Any CPU.Build.0 = Debug|Any CPU
		{4D4CBE42-CB93-4FEE-A91A-3E5DACAC65B7}.Release|Any CPU.ActiveCfg = Release|Any CPU
		{4D4CBE42-CB93-4FEE-A91A-3E5DACAC65B7}.Release|Any CPU.Build.0 = Release|Any CPU
	EndGlobalSection
	GlobalSection(SolutionProperties) = preSolution
		HideSolutionNode = FALSE
	EndGlobalSection
	GlobalSection(ExtensibilityGlobals) = postSolution
		SolutionGuid = {F2C0BC23-9F72-44E6-803B-E3989E211D1B}
	EndGlobalSection
EndGlobal
